
Microsoft Visual Studio Solution File, Format Version 12.00
# Visual Studio Version 17
VisualStudioVersion = 17.4.33205.214
MinimumVisualStudioVersion = 10.0.40219.1
Project("{FAE04EC0-301F-11D3-BF4B-00C04F79EFBC}") = "TodayProjectForGIt", "TodayProjectForGIt.csproj", "{C6F7BE67-137A-44EA-8CFE-1830A1EFD8E3}"
EndProject
Global
	GlobalSection(SolutionConfigurationPlatforms) = preSolution
		Debug|Any CPU = Debug|Any CPU
		Release|Any CPU = Release|Any CPU
	EndGlobalSection
	GlobalSection(ProjectConfigurationPlatforms) = postSolution
		{C6F7BE67-137A-44EA-8CFE-1830A1EFD8E3}.Debug|Any CPU.ActiveCfg = Debug|Any CPU
		{C6F7BE67-137A-44EA-8CFE-1830A1EFD8E3}.Debug|Any CPU.Build.0 = Debug|Any CPU
		{C6F7BE67-137A-44EA-8CFE-1830A1EFD8E3}.Release|Any CPU.ActiveCfg = Release|Any CPU
		{C6F7BE67-137A-44EA-8CFE-1830A1EFD8E3}.Release|Any CPU.Build.0 = Release|Any CPU
	EndGlobalSection
	GlobalSection(SolutionProperties) = preSolution
		HideSolutionNode = FALSE
	EndGlobalSection
	GlobalSection(ExtensibilityGlobals) = postSolution
		SolutionGuid = {66BDA8CD-941E-44A2-A8E4-90ABE007FD4D}
	EndGlobalSection
EndGlobal
